dependencies:
  dht11:
    dependencies: []
    source:
      path: /home/pedro/ESP_IDE/safeclimb/components/dht11
      type: local
    version: '*'
  esp_adc:
    dependencies: []
    source:
      path: /home/pedro/Documentos/ESP_IDE/esp-idf-v5.3.1/components/esp_adc
      type: local
    version: '*'
  esp_driver_gpio:
    dependencies: []
    source:
      path: /home/pedro/Documentos/ESP_IDE/esp-idf-v5.3.1/components/esp_driver_gpio
      type: local
    version: '*'
  esp_driver_spi:
    dependencies: []
    source:
      path: /home/pedro/Documentos/ESP_IDE/esp-idf-v5.3.1/components/esp_driver_spi
      type: local
    version: '*'
  espressif/cbor:
    component_hash: 440f4ee4504841cc9b4f3a8ef755776a612ac9dace355514c68b999868f990ff
    dependencies:
    - name: idf
      registry_url: https://components.espressif.com
      require: private
      version: '>=4.3'
    source:
      registry_url: https://components.espressif.com/
      type: service
    version: 0.6.0~1
  espressif/esp_secure_cert_mgr:
    component_hash: 5d9175b416f751ba6a7cb35bdf092f0af85658ce06c4a592c7c541d8017ebeb9
    dependencies:
    - name: idf
      registry_url: https://components.espressif.com
      require: private
      version: '>=4.3'
    source:
      registry_url: https://components.espressif.com/
      type: service
    version: 2.5.0
  espressif/led_strip:
    component_hash: 28c6509a727ef74925b372ed404772aeedf11cce10b78c3f69b3c66799095e2d
    dependencies:
    - name: idf
      registry_url: https://components.espressif.com
      require: private
      version: '>=4.4'
    source:
      registry_url: https://components.espressif.com/
      type: service
    version: 2.5.5
  idf:
    source:
      type: idf
    version: 5.3.1
  lora:
    dependencies: []
    source:
      path: /home/pedro/ESP_IDE/safeclimb/components/lora
      type: local
    version: '*'
  mbedtls:
    dependencies: []
    source:
      path: /home/pedro/Documentos/ESP_IDE/esp-idf-v5.3.1/components/mbedtls
      type: local
    version: '*'
  one-wire:
    dependencies: []
    source:
      path: /home/pedro/ESP_IDE/safeclimb/components/one-wire
      type: local
    version: '*'
  temperature:
    dependencies: []
    source:
      path: /home/pedro/ESP_IDE/safeclimb/components/temperature
      type: local
    version: '*'
direct_dependencies:
- dht11
- esp_adc
- esp_driver_gpio
- esp_driver_spi
- espressif/cbor
- espressif/esp_secure_cert_mgr
- espressif/led_strip
- lora
- mbedtls
- one-wire
- temperature
manifest_hash: e6666a4aec32da10e9e07c3a609c7dd4684f7a7e589542d518588e17dba8646c
target: esp32
version: 2.0.0
